{
  "requires": true,
  "lockfileVersion": 1,
  "dependencies": {
    "tdesign-miniprogram": {
      "version": "1.15.3",
      "resolved": "https://mirrors.cloud.tencent.com/npm/tdesign-miniprogram/-/tdesign-miniprogram-1.15.3.tgz",
      "integrity": "sha512-EtWrODktAHzHXqaTw2iahBx90EDWa/evtTh9wUOCPDAYEJKpLkjupCGqdRneup16x7s95N3LF0OUbITanm5lCw=="
    }
  }
}
